
Microsoft Visual Studio Solution File, Format Version 12.00
# Visual Studio Version 17
VisualStudioVersion = 17.0.31903.59
MinimumVisualStudioVersion = 10.0.40219.1
Project("{2150E333-8FDC-42A3-9474-1A3956D46DE8}") = "src", "src", "{0090EB80-2B61-4167-B7F0-577740862D42}"
EndProject
Project("{FAE04EC0-301F-11D3-BF4B-00C04F79EFBC}") = "LearnIdentity.Api", "src\LearnIdentity.Api\LearnIdentity.Api.csproj", "{869510A3-F492-4A0A-A19F-F15F5533194E}"
EndProject
Global
	GlobalSection(SolutionConfigurationPlatforms) = preSolution
		Debug|Any CPU = Debug|Any CPU
		Release|Any CPU = Release|Any CPU
	EndGlobalSection
	GlobalSection(ProjectConfigurationPlatforms) = postSolution
		{869510A3-F492-4A0A-A19F-F15F5533194E}.Debug|Any CPU.ActiveCfg = Debug|Any CPU
		{869510A3-F492-4A0A-A19F-F15F5533194E}.Debug|Any CPU.Build.0 = Debug|Any CPU
		{869510A3-F492-4A0A-A19F-F15F5533194E}.Release|Any CPU.ActiveCfg = Release|Any CPU
		{869510A3-F492-4A0A-A19F-F15F5533194E}.Release|Any CPU.Build.0 = Release|Any CPU
	EndGlobalSection
	GlobalSection(SolutionProperties) = preSolution
		HideSolutionNode = FALSE
	EndGlobalSection
	GlobalSection(NestedProjects) = preSolution
		{869510A3-F492-4A0A-A19F-F15F5533194E} = {0090EB80-2B61-4167-B7F0-577740862D42}
	EndGlobalSection
EndGlobal
